
Microsoft Visual Studio Solution File, Format Version 12.00
# Visual Studio Version 17
VisualStudioVersion = 17.7.34018.315
MinimumVisualStudioVersion = 10.0.40219.1
Project("{FAE04EC0-301F-11D3-BF4B-00C04F79EFBC}") = "QLTV2", "QLTV2\QLTV2.csproj", "{3F810D0C-A972-4724-A12F-335E4E534055}"
EndProject
Global
	GlobalSection(SolutionConfigurationPlatforms) = preSolution
		Debug|Any CPU = Debug|Any CPU
		Release|Any CPU = Release|Any CPU
	EndGlobalSection
	GlobalSection(ProjectConfigurationPlatforms) = postSolution
		{3F810D0C-A972-4724-A12F-335E4E534055}.Debug|Any CPU.ActiveCfg = Debug|Any CPU
		{3F810D0C-A972-4724-A12F-335E4E534055}.Debug|Any CPU.Build.0 = Debug|Any CPU
		{3F810D0C-A972-4724-A12F-335E4E534055}.Release|Any CPU.ActiveCfg = Release|Any CPU
		{3F810D0C-A972-4724-A12F-335E4E534055}.Release|Any CPU.Build.0 = Release|Any CPU
	EndGlobalSection
	GlobalSection(SolutionProperties) = preSolution
		HideSolutionNode = FALSE
	EndGlobalSection
	GlobalSection(ExtensibilityGlobals) = postSolution
		SolutionGuid = {4AC43505-ED4B-4BDE-9DA3-8F13994F1376}
	EndGlobalSection
EndGlobal
